<?xml version="1.0" encoding="utf-8"?>
<Project ToolsVersion="4.0" xmlns="http://schemas.microsoft.com/developer/msbuild/2003">
  <ItemGroup>
    <Filter Include="src">
      <UniqueIdentifier>{4FC737F1-C7A5-4376-A066-2A32D752A2FF}</UniqueIdentifier>
      <Extensions>cpp;c;cc;cxx;c++;cppm;ixx;def;odl;idl;hpj;bat;asm;asmx</Extensions>
    </Filter>
    <Filter Include="DataStructures">
      <UniqueIdentifier>{93995380-89BD-4b04-88EB-625FBE52EBFB}</UniqueIdentifier>
      <Extensions>h;hh;hpp;hxx;h++;hm;inl;inc;ipp;xsd</Extensions>
    </Filter>
    <Filter Include="Resources">
      <UniqueIdentifier>{67DA6AB6-F800-4c08-8B7A-83BB121AAD01}</UniqueIdentifier>
      <Extensions>rc;ico;cur;bmp;dlg;rc2;rct;bin;rgs;gif;jpg;jpeg;jpe;resx;tiff;tif;png;wav;mfcribbon-ms</Extensions>
    </Filter>
    <Filter Include="DataStructures\AVL">
      <UniqueIdentifier>{765c065f-b7c6-43e8-bbdb-b952a6279d80}</UniqueIdentifier>
    </Filter>
    <Filter Include="DataStructures\BST">
      <UniqueIdentifier>{db93fc12-65ac-48f6-a751-416ecbb9185a}</UniqueIdentifier>
    </Filter>
    <Filter Include="DataStructures\Graph">
      <UniqueIdentifier>{8b4fda41-3909-45f6-9206-e96c6f56f80a}</UniqueIdentifier>
    </Filter>
    <Filter Include="DataStructures\HashTable">
      <UniqueIdentifier>{d173a425-d0bc-453b-a16e-a6ec9d8d1cbe}</UniqueIdentifier>
    </Filter>
    <Filter Include="DataStructures\Heap">
      <UniqueIdentifier>{1ce101b5-cf3c-4203-84c2-56978ddb5179}</UniqueIdentifier>
    </Filter>
    <Filter Include="DataStructures\Tree234">
      <UniqueIdentifier>{3fe7d7dc-b218-44d6-a2e0-5be4ebb57e54}</UniqueIdentifier>
    </Filter>
    <Filter Include="DataStructures\Trie">
      <UniqueIdentifier>{fbc9e383-24d7-4e3d-b97c-fe90364d2f60}</UniqueIdentifier>
    </Filter>
    <Filter Include="Screen">
      <UniqueIdentifier>{43a4be84-193f-40aa-93d4-b899c216ccd5}</UniqueIdentifier>
    </Filter>
    <Filter Include="State">
      <UniqueIdentifier>{5e45cb61-0d3d-4ff6-8818-fc9c420d0e75}</UniqueIdentifier>
    </Filter>
    <Filter Include="assets">
      <UniqueIdentifier>{c2baa083-11a2-40ca-810c-053864b4b3b7}</UniqueIdentifier>
    </Filter>
    <Filter Include="assets\sample_data">
      <UniqueIdentifier>{46a56041-c343-42b2-9f58-fb6b4b5fd2f9}</UniqueIdentifier>
    </Filter>
    <Filter Include="assets\visualizing_steps">
      <UniqueIdentifier>{02dafb26-c3aa-465f-af22-d72ade211673}</UniqueIdentifier>
    </Filter>
    <Filter Include="assets\visualizing_steps\Heap">
      <UniqueIdentifier>{2f490af6-ed38-405a-abe7-234c0b6213bf}</UniqueIdentifier>
    </Filter>
    <Filter Include="assets\fonts">
      <UniqueIdentifier>{8d4b92f3-71be-477a-a401-61bce0d32bc2}</UniqueIdentifier>
    </Filter>
  </ItemGroup>
  <ItemGroup>
    <ClCompile Include="main.cpp">
      <Filter>src</Filter>
    </ClCompile>
    <ClCompile Include="file_io.cpp">
      <Filter>src</Filter>
    </ClCompile>
    <ClCompile Include="DataStructures\AVL\AVLTree.cpp">
      <Filter>DataStructures\AVL</Filter>
    </ClCompile>
    <ClCompile Include="DataStructures\BST\BST.cpp">
      <Filter>DataStructures\BST</Filter>
    </ClCompile>
    <ClCompile Include="DataStructures\Graph\Graph.cpp">
      <Filter>DataStructures\Graph</Filter>
    </ClCompile>
    <ClCompile Include="DataStructures\HashTable\HashTable.cpp">
      <Filter>DataStructures\HashTable</Filter>
    </ClCompile>
    <ClCompile Include="DataStructures\Heap\MaxHeap.cpp">
      <Filter>DataStructures\Heap</Filter>
    </ClCompile>
    <ClCompile Include="DataStructures\Heap\MinHeap.cpp">
      <Filter>DataStructures\Heap</Filter>
    </ClCompile>
    <ClCompile Include="DataStructures\Tree234\Tree234.cpp">
      <Filter>DataStructures\Tree234</Filter>
    </ClCompile>
    <ClCompile Include="DataStructures\Trie\Trie.cpp">
      <Filter>DataStructures\Trie</Filter>
    </ClCompile>
    <ClCompile Include="Screen\screen.cpp">
      <Filter>Screen</Filter>
    </ClCompile>
    <ClCompile Include="Graphic.cpp">
      <Filter>src</Filter>
    </ClCompile>
    <ClCompile Include="State\AVLState.cpp">
      <Filter>State</Filter>
    </ClCompile>
    <ClCompile Include="State\Tree234State.cpp">
      <Filter>State</Filter>
    </ClCompile>
    <ClCompile Include="DataStructures\Tree234\Tree234_Draw.cpp">
      <Filter>DataStructures\Tree234</Filter>
    </ClCompile>
    <ClCompile Include="raygui.c">
      <Filter>src</Filter>
    </ClCompile>
    <ClCompile Include="tinyfiledialogs.c">
      <Filter>src</Filter>
    </ClCompile>
    <ClCompile Include="State\HeapState.cpp">
      <Filter>State</Filter>
    </ClCompile>
    <ClCompile Include="State\HashState.cpp">
      <Filter>State</Filter>
    </ClCompile>
    <ClCompile Include="State\TrieState.cpp">
      <Filter>State</Filter>
    </ClCompile>
    <ClCompile Include="State\GraphState.cpp">
      <Filter>State</Filter>
    </ClCompile>
    <ClCompile Include="Transform.cpp">
      <Filter>src</Filter>
    </ClCompile>
    <ClCompile Include="raylib_conf.cpp">
      <Filter>src</Filter>
    </ClCompile>
  </ItemGroup>
  <ItemGroup>
    <ClInclude Include="file_io.h">
      <Filter>src</Filter>
    </ClInclude>
    <ClInclude Include="DataStructures\AVL\AVLTree.h">
      <Filter>DataStructures\AVL</Filter>
    </ClInclude>
    <ClInclude Include="DataStructures\BST\BST.h">
      <Filter>DataStructures\BST</Filter>
    </ClInclude>
    <ClInclude Include="DataStructures\Graph\Graph.h">
      <Filter>DataStructures\Graph</Filter>
    </ClInclude>
    <ClInclude Include="DataStructures\HashTable\HashTable.h">
      <Filter>DataStructures\HashTable</Filter>
    </ClInclude>
    <ClInclude Include="DataStructures\Heap\MaxHeap.h">
      <Filter>DataStructures\Heap</Filter>
    </ClInclude>
    <ClInclude Include="DataStructures\Heap\MinHeap.h">
      <Filter>DataStructures\Heap</Filter>
    </ClInclude>
    <ClInclude Include="DataStructures\Tree234\Tree234.h">
      <Filter>DataStructures\Tree234</Filter>
    </ClInclude>
    <ClInclude Include="DataStructures\Trie\Trie.h">
      <Filter>DataStructures\Trie</Filter>
    </ClInclude>
    <ClInclude Include="Screen\screen.h">
      <Filter>Screen</Filter>
    </ClInclude>
    <ClInclude Include="Graphic.h">
      <Filter>src</Filter>
    </ClInclude>
    <ClInclude Include="State\AVLState.h">
      <Filter>State</Filter>
    </ClInclude>
    <ClInclude Include="State\Tree234State.h">
      <Filter>State</Filter>
    </ClInclude>
    <ClInclude Include="DataStructures\Tree234\Tree234_Draw.h">
      <Filter>DataStructures\Tree234</Filter>
    </ClInclude>
    <ClInclude Include="raygui.h">
      <Filter>src</Filter>
    </ClInclude>
    <ClInclude Include="tinyfiledialogs.h">
      <Filter>src</Filter>
    </ClInclude>
    <ClInclude Include="State\HeapState.h">
      <Filter>State</Filter>
    </ClInclude>
    <ClInclude Include="State\HashState.h">
      <Filter>State</Filter>
    </ClInclude>
    <ClInclude Include="State\TrieState.h">
      <Filter>State</Filter>
    </ClInclude>
    <ClInclude Include="State\GraphState.h">
      <Filter>State</Filter>
    </ClInclude>
    <ClInclude Include="Transform.h">
      <Filter>src</Filter>
    </ClInclude>
    <ClInclude Include="raylib_conf.h">
      <Filter>src</Filter>
    </ClInclude>
  </ItemGroup>
  <ItemGroup>
    <Image Include="Resources\background.png">
      <Filter>Resources</Filter>
    </Image>
    <Image Include="Resources\background_dark_mode.png">
      <Filter>Resources</Filter>
    </Image>
    <Image Include="Resources\AVL_background.png">
      <Filter>Resources</Filter>
    </Image>
    <Image Include="Resources\AVL_background_dark_mode.png">
      <Filter>Resources</Filter>
    </Image>
    <Image Include="Resources\Tree234_background.png">
      <Filter>Resources</Filter>
    </Image>
    <Image Include="Resources\Tree234_background_dark.png">
      <Filter>Resources</Filter>
    </Image>
    <Image Include="Resources\Hash_background.png">
      <Filter>Resources</Filter>
    </Image>
    <Image Include="Resources\Hash_background_dark.png">
      <Filter>Resources</Filter>
    </Image>
    <Image Include="Resources\graph_background.png">
      <Filter>Resources</Filter>
    </Image>
    <Image Include="Resources\graph_background_dark.png">
      <Filter>Resources</Filter>
    </Image>
    <Image Include="Resources\Trie_background.png">
      <Filter>Resources</Filter>
    </Image>
    <Image Include="Resources\Trie_background_dark.png">
      <Filter>Resources</Filter>
    </Image>
    <Image Include="Resources\maxHeap_background.png">
      <Filter>Resources</Filter>
    </Image>
    <Image Include="Resources\maxHeap_background_dark.png">
      <Filter>Resources</Filter>
    </Image>
    <Image Include="Resources\minHeap_background.png">
      <Filter>Resources</Filter>
    </Image>
    <Image Include="Resources\minHeap_background_dark.png">
      <Filter>Resources</Filter>
    </Image>
  </ItemGroup>
  <ItemGroup>
    <Text Include="assets\sample_data\AVL.txt">
      <Filter>assets\sample_data</Filter>
    </Text>
    <Text Include="assets\sample_data\graph.txt">
      <Filter>assets\sample_data</Filter>
    </Text>
    <Text Include="assets\sample_data\hash_table.txt">
      <Filter>assets\sample_data</Filter>
    </Text>
    <Text Include="assets\sample_data\heap.txt">
      <Filter>assets\sample_data</Filter>
    </Text>
    <Text Include="assets\sample_data\trie.txt">
      <Filter>assets\sample_data</Filter>
    </Text>
    <Text Include="assets\visualizing_steps\Heap\maxheap_delete.txt">
      <Filter>assets\visualizing_steps\Heap</Filter>
    </Text>
    <Text Include="assets\visualizing_steps\Heap\maxheap_getsize.txt">
      <Filter>assets\visualizing_steps\Heap</Filter>
    </Text>
    <Text Include="assets\visualizing_steps\Heap\maxheap_gettop.txt">
      <Filter>assets\visualizing_steps\Heap</Filter>
    </Text>
    <Text Include="assets\visualizing_steps\Heap\maxheap_insert.txt">
      <Filter>assets\visualizing_steps\Heap</Filter>
    </Text>
    <Text Include="assets\visualizing_steps\Heap\minheap_delete.txt">
      <Filter>assets\visualizing_steps\Heap</Filter>
    </Text>
    <Text Include="assets\visualizing_steps\Heap\minheap_getsize.txt">
      <Filter>assets\visualizing_steps\Heap</Filter>
    </Text>
    <Text Include="assets\visualizing_steps\Heap\minheap_gettop.txt">
      <Filter>assets\visualizing_steps\Heap</Filter>
    </Text>
    <Text Include="assets\visualizing_steps\Heap\minheap_insert.txt">
      <Filter>assets\visualizing_steps\Heap</Filter>
    </Text>
  </ItemGroup>
  <ItemGroup>
    <Font Include="assets\fonts\Consolas-Bold.ttf">
      <Filter>assets\fonts</Filter>
    </Font>
    <Font Include="assets\fonts\PTSans-Bold.ttf">
      <Filter>assets\fonts</Filter>
    </Font>
  </ItemGroup>
</Project>